// !$*UTF8*$!
{
	archiveVersion = 1;
	classes = {
	};
	objectVersion = 77;
	objects = {

/* Begin PBXBuildFile section */
		323B68D92CC699E90041BBC3 /* libbenchmark.a in Frameworks */ = {isa = PBXBuildFile; fileRef = 323B68D72CC699DB0041BBC3 /* libbenchmark.a */; };
		323B68DB2CC699FC0041BBC3 /* libbenchmark_main.a in Frameworks */ = {isa = PBXBuildFile; fileRef = 323B68D82CC699DB0041BBC3 /* libbenchmark_main.a */; };
		323B68DD2CC69A4C0041BBC3 /* OpenGL.framework in Frameworks */ = {isa = PBXBuildFile; fileRef = 323B68DC2CC69A4C0041BBC3 /* OpenGL.framework */; };
		323B68E02CC69ADE0041BBC3 /* libGLEW.2.2.0.dylib in Embed Libraries */ = {isa = PBXBuildFile; fileRef = 323B68DE2CC69ADE0041BBC3 /* libGLEW.2.2.0.dylib */; settings = {ATTRIBUTES = (CodeSignOnCopy, ); }; };
		323B68E32CC69B000041BBC3 /* libGLEW.2.2.0.dylib in Frameworks */ = {isa = PBXBuildFile; fileRef = 323B68DE2CC69ADE0041BBC3 /* libGLEW.2.2.0.dylib */; };
		323B68E52CC69B2E0041BBC3 /* libglm.dylib in Frameworks */ = {isa = PBXBuildFile; fileRef = 323B68E42CC69B2E0041BBC3 /* libglm.dylib */; };
		323B68E62CC69B2E0041BBC3 /* libglm.dylib in Embed Libraries */ = {isa = PBXBuildFile; fileRef = 323B68E42CC69B2E0041BBC3 /* libglm.dylib */; settings = {ATTRIBUTES = (CodeSignOnCopy, ); }; };
		323B68E82CC69B430041BBC3 /* libglfw.3.4.dylib in Frameworks */ = {isa = PBXBuildFile; fileRef = 323B68E72CC69B430041BBC3 /* libglfw.3.4.dylib */; };
		323B68E92CC69B430041BBC3 /* libglfw.3.4.dylib in Embed Libraries */ = {isa = PBXBuildFile; fileRef = 323B68E72CC69B430041BBC3 /* libglfw.3.4.dylib */; settings = {ATTRIBUTES = (CodeSignOnCopy, ); }; };
		3260C0F62CB783AA001F0949 /* libgtest.a in Frameworks */ = {isa = PBXBuildFile; fileRef = 3260C0F22CB783AA001F0949 /* libgtest.a */; };
		3260C0F92CB783AA001F0949 /* libgtest_main.a in Frameworks */ = {isa = PBXBuildFile; fileRef = 3260C0F52CB783AA001F0949 /* libgtest_main.a */; };
		326151882CD0A56D004DE72D /* libgdal.35.3.9.3.dylib in Frameworks */ = {isa = PBXBuildFile; fileRef = 326151872CD0A56D004DE72D /* libgdal.35.3.9.3.dylib */; };
		326151892CD0A56D004DE72D /* libgdal.35.3.9.3.dylib in Embed Libraries */ = {isa = PBXBuildFile; fileRef = 326151872CD0A56D004DE72D /* libgdal.35.3.9.3.dylib */; settings = {ATTRIBUTES = (CodeSignOnCopy, ); }; };
		3279585F2CC9529500816150 /* libomp.dylib in Frameworks */ = {isa = PBXBuildFile; fileRef = 3279585E2CC9529500816150 /* libomp.dylib */; };
		327958602CC9529500816150 /* libomp.dylib in Embed Libraries */ = {isa = PBXBuildFile; fileRef = 3279585E2CC9529500816150 /* libomp.dylib */; settings = {ATTRIBUTES = (CodeSignOnCopy, ); }; };
		32E2338D2CCA4184005513A9 /* imgui_impl_opengl3.cpp in Sources */ = {isa = PBXBuildFile; fileRef = 32E233842CCA4184005513A9 /* imgui_impl_opengl3.cpp */; };
		32E2338E2CCA4184005513A9 /* imgui_demo.cpp in Sources */ = {isa = PBXBuildFile; fileRef = 32E2337F2CCA4184005513A9 /* imgui_demo.cpp */; };
		32E2338F2CCA4184005513A9 /* imgui_widgets.cpp in Sources */ = {isa = PBXBuildFile; fileRef = 32E233882CCA4184005513A9 /* imgui_widgets.cpp */; };
		32E233902CCA4184005513A9 /* imgui_tables.cpp in Sources */ = {isa = PBXBuildFile; fileRef = 32E233872CCA4184005513A9 /* imgui_tables.cpp */; };
		32E233912CCA4184005513A9 /* imgui.cpp in Sources */ = {isa = PBXBuildFile; fileRef = 32E2337E2CCA4184005513A9 /* imgui.cpp */; };
		32E233922CCA4184005513A9 /* imgui_impl_glfw.cpp in Sources */ = {isa = PBXBuildFile; fileRef = 32E233822CCA4184005513A9 /* imgui_impl_glfw.cpp */; };
		32E233932CCA4184005513A9 /* imgui_draw.cpp in Sources */ = {isa = PBXBuildFile; fileRef = 32E233802CCA4184005513A9 /* imgui_draw.cpp */; };
/* End PBXBuildFile section */

/* Begin PBXCopyFilesBuildPhase section */
		323B68E12CC69ADE0041BBC3 /* Embed Libraries */ = {
			isa = PBXCopyFilesBuildPhase;
			buildActionMask = 2147483647;
			dstPath = "";
			dstSubfolderSpec = 10;
			files = (
				323B68E92CC69B430041BBC3 /* libglfw.3.4.dylib in Embed Libraries */,
				327958602CC9529500816150 /* libomp.dylib in Embed Libraries */,
				326151892CD0A56D004DE72D /* libgdal.35.3.9.3.dylib in Embed Libraries */,
				323B68E02CC69ADE0041BBC3 /* libGLEW.2.2.0.dylib in Embed Libraries */,
				323B68E62CC69B2E0041BBC3 /* libglm.dylib in Embed Libraries */,
			);
			name = "Embed Libraries";
			runOnlyForDeploymentPostprocessing = 0;
		};
		328ADCF92CB655FB00765774 /* CopyFiles */ = {
			isa = PBXCopyFilesBuildPhase;
			buildActionMask = 2147483647;
			dstPath = /usr/share/man/man1/;
			dstSubfolderSpec = 0;
			files = (
			);
			runOnlyForDeploymentPostprocessing = 1;
		};
/* End PBXCopyFilesBuildPhase section */

/* Begin PBXFileReference section */
		323B68D72CC699DB0041BBC3 /* libbenchmark.a */ = {isa = PBXFileReference; lastKnownFileType = archive.ar; name = libbenchmark.a; path = ../../../../usr/local/lib/libbenchmark.a; sourceTree = "<group>"; };
		323B68D82CC699DB0041BBC3 /* libbenchmark_main.a */ = {isa = PBXFileReference; lastKnownFileType = archive.ar; name = libbenchmark_main.a; path = ../../../../usr/local/lib/libbenchmark_main.a; sourceTree = "<group>"; };
		323B68DC2CC69A4C0041BBC3 /* OpenGL.framework */ = {isa = PBXFileReference; lastKnownFileType = wrapper.framework; name = OpenGL.framework; path = System/Library/Frameworks/OpenGL.framework; sourceTree = SDKROOT; };
		323B68DE2CC69ADE0041BBC3 /* libGLEW.2.2.0.dylib */ = {isa = PBXFileReference; lastKnownFileType = "compiled.mach-o.dylib"; name = libGLEW.2.2.0.dylib; path = ../../../../opt/homebrew/Cellar/glew/2.2.0_1/lib/libGLEW.2.2.0.dylib; sourceTree = "<group>"; };
		323B68E42CC69B2E0041BBC3 /* libglm.dylib */ = {isa = PBXFileReference; lastKnownFileType = "compiled.mach-o.dylib"; name = libglm.dylib; path = ../../../../opt/homebrew/Cellar/glm/1.0.1/lib/libglm.dylib; sourceTree = "<group>"; };
		323B68E72CC69B430041BBC3 /* libglfw.3.4.dylib */ = {isa = PBXFileReference; lastKnownFileType = "compiled.mach-o.dylib"; name = libglfw.3.4.dylib; path = ../../../../opt/homebrew/Cellar/glfw/3.4/lib/libglfw.3.4.dylib; sourceTree = "<group>"; };
		3260C0F22CB783AA001F0949 /* libgtest.a */ = {isa = PBXFileReference; lastKnownFileType = archive.ar; name = libgtest.a; path = ../../../../usr/local/lib/libgtest.a; sourceTree = "<group>"; };
		3260C0F32CB783AA001F0949 /* libgmock_main.a */ = {isa = PBXFileReference; lastKnownFileType = archive.ar; name = libgmock_main.a; path = ../../../../usr/local/lib/libgmock_main.a; sourceTree = "<group>"; };
		3260C0F42CB783AA001F0949 /* libgmock.a */ = {isa = PBXFileReference; lastKnownFileType = archive.ar; name = libgmock.a; path = ../../../../usr/local/lib/libgmock.a; sourceTree = "<group>"; };
		3260C0F52CB783AA001F0949 /* libgtest_main.a */ = {isa = PBXFileReference; lastKnownFileType = archive.ar; name = libgtest_main.a; path = ../../../../usr/local/lib/libgtest_main.a; sourceTree = "<group>"; };
		326151872CD0A56D004DE72D /* libgdal.35.3.9.3.dylib */ = {isa = PBXFileReference; lastKnownFileType = "compiled.mach-o.dylib"; name = libgdal.35.3.9.3.dylib; path = ../../../../opt/homebrew/Cellar/gdal/3.9.3_1/lib/libgdal.35.3.9.3.dylib; sourceTree = "<group>"; };
		3279585E2CC9529500816150 /* libomp.dylib */ = {isa = PBXFileReference; lastKnownFileType = "compiled.mach-o.dylib"; name = libomp.dylib; path = ../../../../opt/homebrew/Cellar/libomp/19.1.2/lib/libomp.dylib; sourceTree = "<group>"; };
		328ADCFB2CB655FB00765774 /* data_structure */ = {isa = PBXFileReference; explicitFileType = "compiled.mach-o.executable"; includeInIndex = 0; path = data_structure; sourceTree = BUILT_PRODUCTS_DIR; };
		32E2337C2CCA4184005513A9 /* imconfig.h */ = {isa = PBXFileReference; lastKnownFileType = sourcecode.c.h; path = imconfig.h; sourceTree = "<group>"; };
		32E2337D2CCA4184005513A9 /* imgui.h */ = {isa = PBXFileReference; lastKnownFileType = sourcecode.c.h; path = imgui.h; sourceTree = "<group>"; };
		32E2337E2CCA4184005513A9 /* imgui.cpp */ = {isa = PBXFileReference; lastKnownFileType = sourcecode.cpp.cpp; path = imgui.cpp; sourceTree = "<group>"; };
		32E2337F2CCA4184005513A9 /* imgui_demo.cpp */ = {isa = PBXFileReference; lastKnownFileType = sourcecode.cpp.cpp; path = imgui_demo.cpp; sourceTree = "<group>"; };
		32E233802CCA4184005513A9 /* imgui_draw.cpp */ = {isa = PBXFileReference; lastKnownFileType = sourcecode.cpp.cpp; path = imgui_draw.cpp; sourceTree = "<group>"; };
		32E233812CCA4184005513A9 /* imgui_impl_glfw.h */ = {isa = PBXFileReference; lastKnownFileType = sourcecode.c.h; path = imgui_impl_glfw.h; sourceTree = "<group>"; };
		32E233822CCA4184005513A9 /* imgui_impl_glfw.cpp */ = {isa = PBXFileReference; lastKnownFileType = sourcecode.cpp.cpp; path = imgui_impl_glfw.cpp; sourceTree = "<group>"; };
		32E233832CCA4184005513A9 /* imgui_impl_opengl3.h */ = {isa = PBXFileReference; lastKnownFileType = sourcecode.c.h; path = imgui_impl_opengl3.h; sourceTree = "<group>"; };
		32E233842CCA4184005513A9 /* imgui_impl_opengl3.cpp */ = {isa = PBXFileReference; lastKnownFileType = sourcecode.cpp.cpp; path = imgui_impl_opengl3.cpp; sourceTree = "<group>"; };
		32E233852CCA4184005513A9 /* imgui_impl_opengl3_loader.h */ = {isa = PBXFileReference; lastKnownFileType = sourcecode.c.h; path = imgui_impl_opengl3_loader.h; sourceTree = "<group>"; };
		32E233862CCA4184005513A9 /* imgui_internal.h */ = {isa = PBXFileReference; lastKnownFileType = sourcecode.c.h; path = imgui_internal.h; sourceTree = "<group>"; };
		32E233872CCA4184005513A9 /* imgui_tables.cpp */ = {isa = PBXFileReference; lastKnownFileType = sourcecode.cpp.cpp; path = imgui_tables.cpp; sourceTree = "<group>"; };
		32E233882CCA4184005513A9 /* imgui_widgets.cpp */ = {isa = PBXFileReference; lastKnownFileType = sourcecode.cpp.cpp; path = imgui_widgets.cpp; sourceTree = "<group>"; };
		32E233892CCA4184005513A9 /* imstb_rectpack.h */ = {isa = PBXFileReference; lastKnownFileType = sourcecode.c.h; path = imstb_rectpack.h; sourceTree = "<group>"; };
		32E2338A2CCA4184005513A9 /* imstb_textedit.h */ = {isa = PBXFileReference; lastKnownFileType = sourcecode.c.h; path = imstb_textedit.h; sourceTree = "<group>"; };
		32E2338B2CCA4184005513A9 /* imstb_truetype.h */ = {isa = PBXFileReference; lastKnownFileType = sourcecode.c.h; path = imstb_truetype.h; sourceTree = "<group>"; };
		32E233992CCA581E005513A9 /* README.md */ = {isa = PBXFileReference; lastKnownFileType = net.daringfireball.markdown; path = README.md; sourceTree = "<group>"; };
/* End PBXFileReference section */

/* Begin PBXFileSystemSynchronizedRootGroup section */
		328ADCFD2CB655FB00765774 /* data_structure */ = {
			isa = PBXFileSystemSynchronizedRootGroup;
			path = data_structure;
			sourceTree = "<group>";
		};
/* End PBXFileSystemSynchronizedRootGroup section */

/* Begin PBXFrameworksBuildPhase section */
		328ADCF82CB655FB00765774 /* Frameworks */ = {
			isa = PBXFrameworksBuildPhase;
			buildActionMask = 2147483647;
			files = (
				323B68D92CC699E90041BBC3 /* libbenchmark.a in Frameworks */,
				323B68E82CC69B430041BBC3 /* libglfw.3.4.dylib in Frameworks */,
				323B68E52CC69B2E0041BBC3 /* libglm.dylib in Frameworks */,
				323B68DD2CC69A4C0041BBC3 /* OpenGL.framework in Frameworks */,
				3260C0F62CB783AA001F0949 /* libgtest.a in Frameworks */,
				323B68E32CC69B000041BBC3 /* libGLEW.2.2.0.dylib in Frameworks */,
				323B68DB2CC699FC0041BBC3 /* libbenchmark_main.a in Frameworks */,
				326151882CD0A56D004DE72D /* libgdal.35.3.9.3.dylib in Frameworks */,
				3279585F2CC9529500816150 /* libomp.dylib in Frameworks */,
				3260C0F92CB783AA001F0949 /* libgtest_main.a in Frameworks */,
			);
			runOnlyForDeploymentPostprocessing = 0;
		};
/* End PBXFrameworksBuildPhase section */

/* Begin PBXGroup section */
		328ADCF22CB655FB00765774 = {
			isa = PBXGroup;
			children = (
				32E233992CCA581E005513A9 /* README.md */,
				32E2338C2CCA4184005513A9 /* ImGUIopengl3 */,
				328ADCFD2CB655FB00765774 /* data_structure */,
				328ADD222CB7826800765774 /* Frameworks */,
				328ADCFC2CB655FB00765774 /* Products */,
			);
			sourceTree = "<group>";
		};
		328ADCFC2CB655FB00765774 /* Products */ = {
			isa = PBXGroup;
			children = (
				328ADCFB2CB655FB00765774 /* data_structure */,
			);
			name = Products;
			sourceTree = "<group>";
		};
		328ADD222CB7826800765774 /* Frameworks */ = {
			isa = PBXGroup;
			children = (
				326151872CD0A56D004DE72D /* libgdal.35.3.9.3.dylib */,
				3279585E2CC9529500816150 /* libomp.dylib */,
				323B68E72CC69B430041BBC3 /* libglfw.3.4.dylib */,
				323B68E42CC69B2E0041BBC3 /* libglm.dylib */,
				323B68DE2CC69ADE0041BBC3 /* libGLEW.2.2.0.dylib */,
				323B68DC2CC69A4C0041BBC3 /* OpenGL.framework */,
				323B68D72CC699DB0041BBC3 /* libbenchmark.a */,
				323B68D82CC699DB0041BBC3 /* libbenchmark_main.a */,
				3260C0F42CB783AA001F0949 /* libgmock.a */,
				3260C0F32CB783AA001F0949 /* libgmock_main.a */,
				3260C0F22CB783AA001F0949 /* libgtest.a */,
				3260C0F52CB783AA001F0949 /* libgtest_main.a */,
			);
			name = Frameworks;
			sourceTree = "<group>";
		};
		32E2338C2CCA4184005513A9 /* ImGUIopengl3 */ = {
			isa = PBXGroup;
			children = (
				32E2337C2CCA4184005513A9 /* imconfig.h */,
				32E2337D2CCA4184005513A9 /* imgui.h */,
				32E2337E2CCA4184005513A9 /* imgui.cpp */,
				32E2337F2CCA4184005513A9 /* imgui_demo.cpp */,
				32E233802CCA4184005513A9 /* imgui_draw.cpp */,
				32E233812CCA4184005513A9 /* imgui_impl_glfw.h */,
				32E233822CCA4184005513A9 /* imgui_impl_glfw.cpp */,
				32E233832CCA4184005513A9 /* imgui_impl_opengl3.h */,
				32E233842CCA4184005513A9 /* imgui_impl_opengl3.cpp */,
				32E233852CCA4184005513A9 /* imgui_impl_opengl3_loader.h */,
				32E233862CCA4184005513A9 /* imgui_internal.h */,
				32E233872CCA4184005513A9 /* imgui_tables.cpp */,
				32E233882CCA4184005513A9 /* imgui_widgets.cpp */,
				32E233892CCA4184005513A9 /* imstb_rectpack.h */,
				32E2338A2CCA4184005513A9 /* imstb_textedit.h */,
				32E2338B2CCA4184005513A9 /* imstb_truetype.h */,
			);
			path = ImGUIopengl3;
			sourceTree = "<group>";
		};
/* End PBXGroup section */

/* Begin PBXNativeTarget section */
		328ADCFA2CB655FB00765774 /* data_structure */ = {
			isa = PBXNativeTarget;
			buildConfigurationList = 328ADD022CB655FB00765774 /* Build configuration list for PBXNativeTarget "data_structure" */;
			buildPhases = (
				328ADCF72CB655FB00765774 /* Sources */,
				328ADCF82CB655FB00765774 /* Frameworks */,
				328ADCF92CB655FB00765774 /* CopyFiles */,
				323B68E12CC69ADE0041BBC3 /* Embed Libraries */,
			);
			buildRules = (
			);
			dependencies = (
			);
			fileSystemSynchronizedGroups = (
				328ADCFD2CB655FB00765774 /* data_structure */,
			);
			name = data_structure;
			packageProductDependencies = (
			);
			productName = data_structure;
			productReference = 328ADCFB2CB655FB00765774 /* data_structure */;
			productType = "com.apple.product-type.tool";
		};
/* End PBXNativeTarget section */

/* Begin PBXProject section */
		328ADCF32CB655FB00765774 /* Project object */ = {
			isa = PBXProject;
			attributes = {
				BuildIndependentTargetsInParallel = 1;
				LastUpgradeCheck = 1610;
				TargetAttributes = {
					328ADCFA2CB655FB00765774 = {
						CreatedOnToolsVersion = 16.0;
						LastSwiftMigration = 1600;
					};
				};
			};
			buildConfigurationList = 328ADCF62CB655FB00765774 /* Build configuration list for PBXProject "data_structure" */;
			developmentRegion = en;
			hasScannedForEncodings = 0;
			knownRegions = (
				en,
				Base,
			);
			mainGroup = 328ADCF22CB655FB00765774;
			minimizedProjectReferenceProxies = 1;
			preferredProjectObjectVersion = 77;
			productRefGroup = 328ADCFC2CB655FB00765774 /* Products */;
			projectDirPath = "";
			projectRoot = "";
			targets = (
				328ADCFA2CB655FB00765774 /* data_structure */,
			);
		};
/* End PBXProject section */

/* Begin PBXSourcesBuildPhase section */
		328ADCF72CB655FB00765774 /* Sources */ = {
			isa = PBXSourcesBuildPhase;
			buildActionMask = 2147483647;
			files = (
				32E2338D2CCA4184005513A9 /* imgui_impl_opengl3.cpp in Sources */,
				32E2338E2CCA4184005513A9 /* imgui_demo.cpp in Sources */,
				32E2338F2CCA4184005513A9 /* imgui_widgets.cpp in Sources */,
				32E233902CCA4184005513A9 /* imgui_tables.cpp in Sources */,
				32E233912CCA4184005513A9 /* imgui.cpp in Sources */,
				32E233922CCA4184005513A9 /* imgui_impl_glfw.cpp in Sources */,
				32E233932CCA4184005513A9 /* imgui_draw.cpp in Sources */,
			);
			runOnlyForDeploymentPostprocessing = 0;
		};
/* End PBXSourcesBuildPhase section */

/* Begin XCBuildConfiguration section */
		328ADD002CB655FB00765774 /* Debug */ = {
			isa = XCBuildConfiguration;
			buildSettings = {
				ALWAYS_SEARCH_USER_PATHS = NO;
				ASSETCATALOG_COMPILER_GENERATE_SWIFT_ASSET_SYMBOL_EXTENSIONS = YES;
				CLANG_ANALYZER_NONNULL = YES;
				CLANG_ANALYZER_NUMBER_OBJECT_CONVERSION = YES_AGGRESSIVE;
				CLANG_CXX_LANGUAGE_STANDARD = "gnu++20";
				CLANG_ENABLE_MODULES = YES;
				CLANG_ENABLE_OBJC_ARC = YES;
				CLANG_ENABLE_OBJC_WEAK = YES;
				CLANG_WARN_BLOCK_CAPTURE_AUTORELEASING = YES;
				CLANG_WARN_BOOL_CONVERSION = YES;
				CLANG_WARN_COMMA = YES;
				CLANG_WARN_CONSTANT_CONVERSION = YES;
				CLANG_WARN_DEPRECATED_OBJC_IMPLEMENTATIONS = YES;
				CLANG_WARN_DIRECT_OBJC_ISA_USAGE = YES_ERROR;
				CLANG_WARN_DOCUMENTATION_COMMENTS = YES;
				CLANG_WARN_EMPTY_BODY = YES;
				CLANG_WARN_ENUM_CONVERSION = YES;
				CLANG_WARN_INFINITE_RECURSION = YES;
				CLANG_WARN_INT_CONVERSION = YES;
				CLANG_WARN_NON_LITERAL_NULL_CONVERSION = YES;
				CLANG_WARN_OBJC_IMPLICIT_RETAIN_SELF = YES;
				CLANG_WARN_OBJC_LITERAL_CONVERSION = YES;
				CLANG_WARN_OBJC_ROOT_CLASS = YES_ERROR;
				CLANG_WARN_QUOTED_INCLUDE_IN_FRAMEWORK_HEADER = YES;
				CLANG_WARN_RANGE_LOOP_ANALYSIS = YES;
				CLANG_WARN_STRICT_PROTOTYPES = YES;
				CLANG_WARN_SUSPICIOUS_MOVE = YES;
				CLANG_WARN_UNGUARDED_AVAILABILITY = YES_AGGRESSIVE;
				CLANG_WARN_UNREACHABLE_CODE = YES;
				CLANG_WARN__DUPLICATE_METHOD_MATCH = YES;
				COPY_PHASE_STRIP = NO;
				DEAD_CODE_STRIPPING = YES;
				DEBUG_INFORMATION_FORMAT = dwarf;
				ENABLE_STRICT_OBJC_MSGSEND = YES;
				ENABLE_TESTABILITY = YES;
				ENABLE_USER_SCRIPT_SANDBOXING = YES;
				GCC_C_LANGUAGE_STANDARD = gnu17;
				GCC_DYNAMIC_NO_PIC = NO;
				GCC_NO_COMMON_BLOCKS = YES;
				GCC_OPTIMIZATION_LEVEL = 0;
				GCC_PREPROCESSOR_DEFINITIONS = (
					"DEBUG=1",
					"$(inherited)",
				);
				GCC_WARN_64_TO_32_BIT_CONVERSION = YES;
				GCC_WARN_ABOUT_RETURN_TYPE = YES_ERROR;
				GCC_WARN_UNDECLARED_SELECTOR = YES;
				GCC_WARN_UNINITIALIZED_AUTOS = YES_AGGRESSIVE;
				GCC_WARN_UNUSED_FUNCTION = YES;
				GCC_WARN_UNUSED_VARIABLE = YES;
				HEADER_SEARCH_PATHS = (
					/usr/local/include/,
					"${glm_header-1.0}",
					"${glfw_header-3.4}",
					"${glew_header-2.2}",
					/opt/homebrew/Cellar/libomp/19.1.2/include,
					"${gdal_header_3.9}",
				);
				LIBRARY_SEARCH_PATHS = (
					/usr/local/lib/,
					/opt/homebrew/Cellar/glfw/3.4/lib,
					/opt/homebrew/Cellar/glew/2.2.0_1/lib,
					/opt/homebrew/Cellar/glm/1.0.1/lib,
					/opt/homebrew/Cellar/gdal/3.9.3_1/lib,
				);
				LOCALIZATION_PREFERS_STRING_CATALOGS = YES;
				MACOSX_DEPLOYMENT_TARGET = 15.0;
				MTL_ENABLE_DEBUG_INFO = INCLUDE_SOURCE;
				MTL_FAST_MATH = YES;
				ONLY_ACTIVE_ARCH = YES;
				SDKROOT = macosx;
			};
			name = Debug;
		};
		328ADD012CB655FB00765774 /* Release */ = {
			isa = XCBuildConfiguration;
			buildSettings = {
				ALWAYS_SEARCH_USER_PATHS = NO;
				ASSETCATALOG_COMPILER_GENERATE_SWIFT_ASSET_SYMBOL_EXTENSIONS = YES;
				CLANG_ANALYZER_NONNULL = YES;
				CLANG_ANALYZER_NUMBER_OBJECT_CONVERSION = YES_AGGRESSIVE;
				CLANG_CXX_LANGUAGE_STANDARD = "gnu++20";
				CLANG_ENABLE_MODULES = YES;
				CLANG_ENABLE_OBJC_ARC = YES;
				CLANG_ENABLE_OBJC_WEAK = YES;
				CLANG_WARN_BLOCK_CAPTURE_AUTORELEASING = YES;
				CLANG_WARN_BOOL_CONVERSION = YES;
				CLANG_WARN_COMMA = YES;
				CLANG_WARN_CONSTANT_CONVERSION = YES;
				CLANG_WARN_DEPRECATED_OBJC_IMPLEMENTATIONS = YES;
				CLANG_WARN_DIRECT_OBJC_ISA_USAGE = YES_ERROR;
				CLANG_WARN_DOCUMENTATION_COMMENTS = YES;
				CLANG_WARN_EMPTY_BODY = YES;
				CLANG_WARN_ENUM_CONVERSION = YES;
				CLANG_WARN_INFINITE_RECURSION = YES;
				CLANG_WARN_INT_CONVERSION = YES;
				CLANG_WARN_NON_LITERAL_NULL_CONVERSION = YES;
				CLANG_WARN_OBJC_IMPLICIT_RETAIN_SELF = YES;
				CLANG_WARN_OBJC_LITERAL_CONVERSION = YES;
				CLANG_WARN_OBJC_ROOT_CLASS = YES_ERROR;
				CLANG_WARN_QUOTED_INCLUDE_IN_FRAMEWORK_HEADER = YES;
				CLANG_WARN_RANGE_LOOP_ANALYSIS = YES;
				CLANG_WARN_STRICT_PROTOTYPES = YES;
				CLANG_WARN_SUSPICIOUS_MOVE = YES;
				CLANG_WARN_UNGUARDED_AVAILABILITY = YES_AGGRESSIVE;
				CLANG_WARN_UNREACHABLE_CODE = YES;
				CLANG_WARN__DUPLICATE_METHOD_MATCH = YES;
				COPY_PHASE_STRIP = NO;
				DEAD_CODE_STRIPPING = YES;
				DEBUG_INFORMATION_FORMAT = "dwarf-with-dsym";
				ENABLE_NS_ASSERTIONS = NO;
				ENABLE_STRICT_OBJC_MSGSEND = YES;
				ENABLE_USER_SCRIPT_SANDBOXING = YES;
				GCC_C_LANGUAGE_STANDARD = gnu17;
				GCC_NO_COMMON_BLOCKS = YES;
				GCC_WARN_64_TO_32_BIT_CONVERSION = YES;
				GCC_WARN_ABOUT_RETURN_TYPE = YES_ERROR;
				GCC_WARN_UNDECLARED_SELECTOR = YES;
				GCC_WARN_UNINITIALIZED_AUTOS = YES_AGGRESSIVE;
				GCC_WARN_UNUSED_FUNCTION = YES;
				GCC_WARN_UNUSED_VARIABLE = YES;
				HEADER_SEARCH_PATHS = (
					/usr/local/include/,
					"${glm_header-1.0}",
					"${glfw_header-3.4}",
					"${glew_header-2.2}",
					/opt/homebrew/Cellar/libomp/19.1.2/include,
					"${gdal_header_3.9}",
				);
				LIBRARY_SEARCH_PATHS = (
					/usr/local/lib/,
					/opt/homebrew/Cellar/glfw/3.4/lib,
					/opt/homebrew/Cellar/glew/2.2.0_1/lib,
					/opt/homebrew/Cellar/glm/1.0.1/lib,
					/opt/homebrew/Cellar/gdal/3.9.3_1/lib,
				);
				LOCALIZATION_PREFERS_STRING_CATALOGS = YES;
				MACOSX_DEPLOYMENT_TARGET = 15.0;
				MTL_ENABLE_DEBUG_INFO = NO;
				MTL_FAST_MATH = YES;
				SDKROOT = macosx;
			};
			name = Release;
		};
		328ADD032CB655FB00765774 /* Debug */ = {
			isa = XCBuildConfiguration;
			buildSettings = {
				CLANG_ENABLE_MODULES = YES;
				CODE_SIGN_ENTITLEMENTS = data_structure/data_structure.entitlements;
				CODE_SIGN_STYLE = Automatic;
				DEAD_CODE_STRIPPING = YES;
				DEVELOPMENT_TEAM = 379P4X5DA9;
				ENABLE_HARDENED_RUNTIME = YES;
				LIBRARY_SEARCH_PATHS = (
					"$(inherited)",
					/opt/homebrew/Cellar/glew/2.2.0_1/lib,
					/opt/homebrew/Cellar/glm/1.0.1/lib,
					/opt/homebrew/Cellar/glfw/3.4/lib,
					/opt/homebrew/Cellar/libomp/19.1.2/lib,
					/opt/homebrew/Cellar/cgal/6.0.1/lib,
				);
				PRODUCT_NAME = "$(TARGET_NAME)";
				SWIFT_OPTIMIZATION_LEVEL = "-Onone";
				SWIFT_VERSION = 6.0;
			};
			name = Debug;
		};
		328ADD042CB655FB00765774 /* Release */ = {
			isa = XCBuildConfiguration;
			buildSettings = {
				CLANG_ENABLE_MODULES = YES;
				CODE_SIGN_ENTITLEMENTS = data_structure/data_structure.entitlements;
				CODE_SIGN_STYLE = Automatic;
				DEAD_CODE_STRIPPING = YES;
				DEVELOPMENT_TEAM = 379P4X5DA9;
				ENABLE_HARDENED_RUNTIME = YES;
				LIBRARY_SEARCH_PATHS = (
					"$(inherited)",
					/opt/homebrew/Cellar/glew/2.2.0_1/lib,
					/opt/homebrew/Cellar/glm/1.0.1/lib,
					/opt/homebrew/Cellar/glfw/3.4/lib,
					/opt/homebrew/Cellar/libomp/19.1.2/lib,
					/opt/homebrew/Cellar/cgal/6.0.1/lib,
				);
				PRODUCT_NAME = "$(TARGET_NAME)";
				SWIFT_VERSION = 6.0;
			};
			name = Release;
		};
/* End XCBuildConfiguration section */

/* Begin XCConfigurationList section */
		328ADCF62CB655FB00765774 /* Build configuration list for PBXProject "data_structure" */ = {
			isa = XCConfigurationList;
			buildConfigurations = (
				328ADD002CB655FB00765774 /* Debug */,
				328ADD012CB655FB00765774 /* Release */,
			);
			defaultConfigurationIsVisible = 0;
			defaultConfigurationName = Debug;
		};
		328ADD022CB655FB00765774 /* Build configuration list for PBXNativeTarget "data_structure" */ = {
			isa = XCConfigurationList;
			buildConfigurations = (
				328ADD032CB655FB00765774 /* Debug */,
				328ADD042CB655FB00765774 /* Release */,
			);
			defaultConfigurationIsVisible = 0;
			defaultConfigurationName = Debug;
		};
/* End XCConfigurationList section */
	};
	rootObject = 328ADCF32CB655FB00765774 /* Project object */;
}
